
Microsoft Visual Studio Solution File, Format Version 12.00
# Visual Studio Version 17
VisualStudioVersion = 17.7.34009.444
MinimumVisualStudioVersion = 10.0.40219.1
Project("{FAE04EC0-301F-11D3-BF4B-00C04F79EFBC}") = "DataBaserLab3", "DataBaserLab3\DataBaserLab3.csproj", "{7BF5AFAF-D59D-4101-9703-67F3DCD4E26B}"
EndProject
Global
	GlobalSection(SolutionConfigurationPlatforms) = preSolution
		Debug|Any CPU = Debug|Any CPU
		Release|Any CPU = Release|Any CPU
	EndGlobalSection
	GlobalSection(ProjectConfigurationPlatforms) = postSolution
		{7BF5AFAF-D59D-4101-9703-67F3DCD4E26B}.Debug|Any CPU.ActiveCfg = Debug|Any CPU
		{7BF5AFAF-D59D-4101-9703-67F3DCD4E26B}.Debug|Any CPU.Build.0 = Debug|Any CPU
		{7BF5AFAF-D59D-4101-9703-67F3DCD4E26B}.Release|Any CPU.ActiveCfg = Release|Any CPU
		{7BF5AFAF-D59D-4101-9703-67F3DCD4E26B}.Release|Any CPU.Build.0 = Release|Any CPU
	EndGlobalSection
	GlobalSection(SolutionProperties) = preSolution
		HideSolutionNode = FALSE
	EndGlobalSection
	GlobalSection(ExtensibilityGlobals) = postSolution
		SolutionGuid = {3DE69428-F722-497A-8B2B-F749E3774302}
	EndGlobalSection
EndGlobal
